
Microsoft Visual Studio Solution File, Format Version 12.00
# Visual Studio Version 17
VisualStudioVersion = 17.4.33213.308
MinimumVisualStudioVersion = 10.0.40219.1
Project("{2150E333-8FDC-42A3-9474-1A3956D46DE8}") = "src", "src", "{35083E88-A500-4293-8BA8-465CC86DA868}"
EndProject
Project("{2150E333-8FDC-42A3-9474-1A3956D46DE8}") = "Solution Items", "Solution Items", "{C2FBC7C5-0803-4D9C-9659-6FCE362F12F3}"
	ProjectSection(SolutionItems) = preProject
		ServiceUrls.txt = ServiceUrls.txt
	EndProjectSection
EndProject
Project("{2150E333-8FDC-42A3-9474-1A3956D46DE8}") = "ApiGateways", "ApiGateways", "{3072A89E-166E-4C90-9553-7B15657CEE3F}"
EndProject
Project("{2150E333-8FDC-42A3-9474-1A3956D46DE8}") = "BuildingBlocks", "BuildingBlocks", "{F885FCF9-5EEF-40E2-8F17-1FD04585BD70}"
EndProject
Project("{2150E333-8FDC-42A3-9474-1A3956D46DE8}") = "Services", "Services", "{ED022179-B655-432C-A24B-5EADD58683E4}"
EndProject
Project("{2150E333-8FDC-42A3-9474-1A3956D46DE8}") = "Clients", "Clients", "{F8DD290C-6A73-4688-8B51-412720F14502}"
EndProject
Project("{2150E333-8FDC-42A3-9474-1A3956D46DE8}") = "WebApiGateway", "WebApiGateway", "{7E838224-2F0B-4258-B781-1807CA84716E}"
EndProject
Project("{FAE04EC0-301F-11D3-BF4B-00C04F79EFBC}") = "Web.ApiGateway", "src\ApiGateways\WebApiGateway\Web.ApiGateway\Web.ApiGateway\Web.ApiGateway.csproj", "{322CB908-937C-4D7F-86B8-F8D99395C43C}"
EndProject
Project("{2150E333-8FDC-42A3-9474-1A3956D46DE8}") = "EventBus", "EventBus", "{94A61E5A-33AB-4121-B311-73869B44CA42}"
EndProject
Project("{FAE04EC0-301F-11D3-BF4B-00C04F79EFBC}") = "EventBus.Base", "src\BuildingBlocks\EventBus\EventBus.Base\EventBus.Base.csproj", "{A8345C44-BCE4-4989-90BC-66082DC79E42}"
EndProject
Project("{FAE04EC0-301F-11D3-BF4B-00C04F79EFBC}") = "EventBus.Factory", "src\BuildingBlocks\EventBus\EventBus.Factory\EventBus.Factory.csproj", "{576E3003-6895-4CB8-8E30-33875B574A36}"
EndProject
Project("{FAE04EC0-301F-11D3-BF4B-00C04F79EFBC}") = "EventBus.AzureServiceBus", "src\BuildingBlocks\EventBus\EventBus.AzureServiceBus\EventBus.AzureServiceBus.csproj", "{3FA1B33B-3214-4764-9DEF-B283D167ADD0}"
EndProject
Project("{FAE04EC0-301F-11D3-BF4B-00C04F79EFBC}") = "EventBus.RabbitMQ", "src\BuildingBlocks\EventBus\EventBus.RabbitMQ\EventBus.RabbitMQ.csproj", "{9294A09A-D566-4782-9E45-65545DFC76C6}"
EndProject
Project("{2150E333-8FDC-42A3-9474-1A3956D46DE8}") = "BlazorWebApp", "BlazorWebApp", "{054FD730-31F1-4707-A3E7-17A0B37F1805}"
EndProject
Project("{FAE04EC0-301F-11D3-BF4B-00C04F79EFBC}") = "WebApp", "src\Clients\BlazorWebApp\WebApp\WebApp.csproj", "{E4651012-39C9-463E-851E-3872D86F15B3}"
EndProject
Project("{2150E333-8FDC-42A3-9474-1A3956D46DE8}") = "BasketService", "BasketService", "{CEBFCF87-0B3E-407F-90EB-E77CF6D9DC06}"
EndProject
Project("{FAE04EC0-301F-11D3-BF4B-00C04F79EFBC}") = "BasketService.Api", "src\Services\BasketService\BasketService.Api\BasketService.Api.csproj", "{0005A047-5838-4051-80A7-49BE2CB6F2CD}"
EndProject
Project("{2150E333-8FDC-42A3-9474-1A3956D46DE8}") = "CatalogService", "CatalogService", "{F6F71C02-3B76-4FD7-8428-12821BD50074}"
EndProject
Project("{FAE04EC0-301F-11D3-BF4B-00C04F79EFBC}") = "CatalogService.Api", "src\Services\CatalogService\CatalogService.Api\CatalogService.Api.csproj", "{3FA9C0F9-7FF5-400E-9DAF-D1C806BD536A}"
EndProject
Project("{2150E333-8FDC-42A3-9474-1A3956D46DE8}") = "IdentityService", "IdentityService", "{EF2A8E39-7C2B-4927-962A-255BD4788727}"
EndProject
Project("{FAE04EC0-301F-11D3-BF4B-00C04F79EFBC}") = "IdentityService.Api", "src\Services\IdentityService\IdentityService.Api\IdentityService.Api.csproj", "{09010DEF-B942-40C5-AFFC-E9FF803BEDCA}"
EndProject
Project("{2150E333-8FDC-42A3-9474-1A3956D46DE8}") = "NotificationService", "NotificationService", "{A20F293D-2298-4F6F-A628-5973CAB7715C}"
EndProject
Project("{FAE04EC0-301F-11D3-BF4B-00C04F79EFBC}") = "NotificationService", "src\Services\NotificationService\NotificationService\NotificationService.csproj", "{CF0DF690-ED41-4D61-ADBE-3375B1677518}"
EndProject
Project("{2150E333-8FDC-42A3-9474-1A3956D46DE8}") = "OrderService", "OrderService", "{9B4A67A1-3BB6-4CDA-B7C4-E33B1842BAA5}"
EndProject
Project("{FAE04EC0-301F-11D3-BF4B-00C04F79EFBC}") = "OrderService.Domain", "src\Services\OrderService\OrderService.Domain\OrderService.Domain.csproj", "{D0E53B36-131F-4FD0-B4A7-5C95EF57C011}"
EndProject
Project("{FAE04EC0-301F-11D3-BF4B-00C04F79EFBC}") = "OrderService.Application", "src\Services\OrderService\OrderService.Application\OrderService.Application.csproj", "{E31F2E60-BB00-493D-A554-E505707B126B}"
EndProject
Project("{FAE04EC0-301F-11D3-BF4B-00C04F79EFBC}") = "OrderService.Infracstructrue", "src\Services\OrderService\OrderService.Inracstructrue\OrderService.Infracstructrue.csproj", "{31F278A0-1900-47C5-AE14-30C3DFC530A4}"
EndProject
Project("{FAE04EC0-301F-11D3-BF4B-00C04F79EFBC}") = "OrderService.Api", "src\Services\OrderService\OrderService.Api\OrderService.Api.csproj", "{218EE840-4D6D-4B07-A2DE-E703CA915E14}"
EndProject
Project("{2150E333-8FDC-42A3-9474-1A3956D46DE8}") = "PaymentService", "PaymentService", "{E442E8E7-3F6E-4ABA-A3EE-3CCF6DE78026}"
EndProject
Project("{FAE04EC0-301F-11D3-BF4B-00C04F79EFBC}") = "PaymentService.Api", "src\Services\PaymentService\PaymentService.Api\PaymentService.Api.csproj", "{C6FCDCEB-0840-4896-A375-4E48AF0AE953}"
EndProject
Global
	GlobalSection(SolutionConfigurationPlatforms) = preSolution
		Debug|Any CPU = Debug|Any CPU
		Release|Any CPU = Release|Any CPU
	EndGlobalSection
	GlobalSection(ProjectConfigurationPlatforms) = postSolution
		{322CB908-937C-4D7F-86B8-F8D99395C43C}.Debug|Any CPU.ActiveCfg = Debug|Any CPU
		{322CB908-937C-4D7F-86B8-F8D99395C43C}.Debug|Any CPU.Build.0 = Debug|Any CPU
		{322CB908-937C-4D7F-86B8-F8D99395C43C}.Release|Any CPU.ActiveCfg = Release|Any CPU
		{322CB908-937C-4D7F-86B8-F8D99395C43C}.Release|Any CPU.Build.0 = Release|Any CPU
		{A8345C44-BCE4-4989-90BC-66082DC79E42}.Debug|Any CPU.ActiveCfg = Debug|Any CPU
		{A8345C44-BCE4-4989-90BC-66082DC79E42}.Debug|Any CPU.Build.0 = Debug|Any CPU
		{A8345C44-BCE4-4989-90BC-66082DC79E42}.Release|Any CPU.ActiveCfg = Release|Any CPU
		{A8345C44-BCE4-4989-90BC-66082DC79E42}.Release|Any CPU.Build.0 = Release|Any CPU
		{576E3003-6895-4CB8-8E30-33875B574A36}.Debug|Any CPU.ActiveCfg = Debug|Any CPU
		{576E3003-6895-4CB8-8E30-33875B574A36}.Debug|Any CPU.Build.0 = Debug|Any CPU
		{576E3003-6895-4CB8-8E30-33875B574A36}.Release|Any CPU.ActiveCfg = Release|Any CPU
		{576E3003-6895-4CB8-8E30-33875B574A36}.Release|Any CPU.Build.0 = Release|Any CPU
		{3FA1B33B-3214-4764-9DEF-B283D167ADD0}.Debug|Any CPU.ActiveCfg = Debug|Any CPU
		{3FA1B33B-3214-4764-9DEF-B283D167ADD0}.Debug|Any CPU.Build.0 = Debug|Any CPU
		{3FA1B33B-3214-4764-9DEF-B283D167ADD0}.Release|Any CPU.ActiveCfg = Release|Any CPU
		{3FA1B33B-3214-4764-9DEF-B283D167ADD0}.Release|Any CPU.Build.0 = Release|Any CPU
		{9294A09A-D566-4782-9E45-65545DFC76C6}.Debug|Any CPU.ActiveCfg = Debug|Any CPU
		{9294A09A-D566-4782-9E45-65545DFC76C6}.Debug|Any CPU.Build.0 = Debug|Any CPU
		{9294A09A-D566-4782-9E45-65545DFC76C6}.Release|Any CPU.ActiveCfg = Release|Any CPU
		{9294A09A-D566-4782-9E45-65545DFC76C6}.Release|Any CPU.Build.0 = Release|Any CPU
		{E4651012-39C9-463E-851E-3872D86F15B3}.Debug|Any CPU.ActiveCfg = Debug|Any CPU
		{E4651012-39C9-463E-851E-3872D86F15B3}.Debug|Any CPU.Build.0 = Debug|Any CPU
		{E4651012-39C9-463E-851E-3872D86F15B3}.Release|Any CPU.ActiveCfg = Release|Any CPU
		{E4651012-39C9-463E-851E-3872D86F15B3}.Release|Any CPU.Build.0 = Release|Any CPU
		{0005A047-5838-4051-80A7-49BE2CB6F2CD}.Debug|Any CPU.ActiveCfg = Debug|Any CPU
		{0005A047-5838-4051-80A7-49BE2CB6F2CD}.Debug|Any CPU.Build.0 = Debug|Any CPU
		{0005A047-5838-4051-80A7-49BE2CB6F2CD}.Release|Any CPU.ActiveCfg = Release|Any CPU
		{0005A047-5838-4051-80A7-49BE2CB6F2CD}.Release|Any CPU.Build.0 = Release|Any CPU
		{3FA9C0F9-7FF5-400E-9DAF-D1C806BD536A}.Debug|Any CPU.ActiveCfg = Debug|Any CPU
		{3FA9C0F9-7FF5-400E-9DAF-D1C806BD536A}.Debug|Any CPU.Build.0 = Debug|Any CPU
		{3FA9C0F9-7FF5-400E-9DAF-D1C806BD536A}.Release|Any CPU.ActiveCfg = Release|Any CPU
		{3FA9C0F9-7FF5-400E-9DAF-D1C806BD536A}.Release|Any CPU.Build.0 = Release|Any CPU
		{09010DEF-B942-40C5-AFFC-E9FF803BEDCA}.Debug|Any CPU.ActiveCfg = Debug|Any CPU
		{09010DEF-B942-40C5-AFFC-E9FF803BEDCA}.Debug|Any CPU.Build.0 = Debug|Any CPU
		{09010DEF-B942-40C5-AFFC-E9FF803BEDCA}.Release|Any CPU.ActiveCfg = Release|Any CPU
		{09010DEF-B942-40C5-AFFC-E9FF803BEDCA}.Release|Any CPU.Build.0 = Release|Any CPU
		{CF0DF690-ED41-4D61-ADBE-3375B1677518}.Debug|Any CPU.ActiveCfg = Debug|Any CPU
		{CF0DF690-ED41-4D61-ADBE-3375B1677518}.Debug|Any CPU.Build.0 = Debug|Any CPU
		{CF0DF690-ED41-4D61-ADBE-3375B1677518}.Release|Any CPU.ActiveCfg = Release|Any CPU
		{CF0DF690-ED41-4D61-ADBE-3375B1677518}.Release|Any CPU.Build.0 = Release|Any CPU
		{D0E53B36-131F-4FD0-B4A7-5C95EF57C011}.Debug|Any CPU.ActiveCfg = Debug|Any CPU
		{D0E53B36-131F-4FD0-B4A7-5C95EF57C011}.Debug|Any CPU.Build.0 = Debug|Any CPU
		{D0E53B36-131F-4FD0-B4A7-5C95EF57C011}.Release|Any CPU.ActiveCfg = Release|Any CPU
		{D0E53B36-131F-4FD0-B4A7-5C95EF57C011}.Release|Any CPU.Build.0 = Release|Any CPU
		{E31F2E60-BB00-493D-A554-E505707B126B}.Debug|Any CPU.ActiveCfg = Debug|Any CPU
		{E31F2E60-BB00-493D-A554-E505707B126B}.Debug|Any CPU.Build.0 = Debug|Any CPU
		{E31F2E60-BB00-493D-A554-E505707B126B}.Release|Any CPU.ActiveCfg = Release|Any CPU
		{E31F2E60-BB00-493D-A554-E505707B126B}.Release|Any CPU.Build.0 = Release|Any CPU
		{31F278A0-1900-47C5-AE14-30C3DFC530A4}.Debug|Any CPU.ActiveCfg = Debug|Any CPU
		{31F278A0-1900-47C5-AE14-30C3DFC530A4}.Debug|Any CPU.Build.0 = Debug|Any CPU
		{31F278A0-1900-47C5-AE14-30C3DFC530A4}.Release|Any CPU.ActiveCfg = Release|Any CPU
		{31F278A0-1900-47C5-AE14-30C3DFC530A4}.Release|Any CPU.Build.0 = Release|Any CPU
		{218EE840-4D6D-4B07-A2DE-E703CA915E14}.Debug|Any CPU.ActiveCfg = Debug|Any CPU
		{218EE840-4D6D-4B07-A2DE-E703CA915E14}.Debug|Any CPU.Build.0 = Debug|Any CPU
		{218EE840-4D6D-4B07-A2DE-E703CA915E14}.Release|Any CPU.ActiveCfg = Release|Any CPU
		{218EE840-4D6D-4B07-A2DE-E703CA915E14}.Release|Any CPU.Build.0 = Release|Any CPU
		{C6FCDCEB-0840-4896-A375-4E48AF0AE953}.Debug|Any CPU.ActiveCfg = Debug|Any CPU
		{C6FCDCEB-0840-4896-A375-4E48AF0AE953}.Debug|Any CPU.Build.0 = Debug|Any CPU
		{C6FCDCEB-0840-4896-A375-4E48AF0AE953}.Release|Any CPU.ActiveCfg = Release|Any CPU
		{C6FCDCEB-0840-4896-A375-4E48AF0AE953}.Release|Any CPU.Build.0 = Release|Any CPU
	EndGlobalSection
	GlobalSection(SolutionProperties) = preSolution
		HideSolutionNode = FALSE
	EndGlobalSection
	GlobalSection(NestedProjects) = preSolution
		{3072A89E-166E-4C90-9553-7B15657CEE3F} = {35083E88-A500-4293-8BA8-465CC86DA868}
		{F885FCF9-5EEF-40E2-8F17-1FD04585BD70} = {35083E88-A500-4293-8BA8-465CC86DA868}
		{ED022179-B655-432C-A24B-5EADD58683E4} = {35083E88-A500-4293-8BA8-465CC86DA868}
		{F8DD290C-6A73-4688-8B51-412720F14502} = {35083E88-A500-4293-8BA8-465CC86DA868}
		{7E838224-2F0B-4258-B781-1807CA84716E} = {3072A89E-166E-4C90-9553-7B15657CEE3F}
		{322CB908-937C-4D7F-86B8-F8D99395C43C} = {7E838224-2F0B-4258-B781-1807CA84716E}
		{94A61E5A-33AB-4121-B311-73869B44CA42} = {F885FCF9-5EEF-40E2-8F17-1FD04585BD70}
		{A8345C44-BCE4-4989-90BC-66082DC79E42} = {94A61E5A-33AB-4121-B311-73869B44CA42}
		{576E3003-6895-4CB8-8E30-33875B574A36} = {94A61E5A-33AB-4121-B311-73869B44CA42}
		{3FA1B33B-3214-4764-9DEF-B283D167ADD0} = {94A61E5A-33AB-4121-B311-73869B44CA42}
		{9294A09A-D566-4782-9E45-65545DFC76C6} = {94A61E5A-33AB-4121-B311-73869B44CA42}
		{054FD730-31F1-4707-A3E7-17A0B37F1805} = {F8DD290C-6A73-4688-8B51-412720F14502}
		{E4651012-39C9-463E-851E-3872D86F15B3} = {054FD730-31F1-4707-A3E7-17A0B37F1805}
		{CEBFCF87-0B3E-407F-90EB-E77CF6D9DC06} = {ED022179-B655-432C-A24B-5EADD58683E4}
		{0005A047-5838-4051-80A7-49BE2CB6F2CD} = {CEBFCF87-0B3E-407F-90EB-E77CF6D9DC06}
		{F6F71C02-3B76-4FD7-8428-12821BD50074} = {ED022179-B655-432C-A24B-5EADD58683E4}
		{3FA9C0F9-7FF5-400E-9DAF-D1C806BD536A} = {F6F71C02-3B76-4FD7-8428-12821BD50074}
		{EF2A8E39-7C2B-4927-962A-255BD4788727} = {ED022179-B655-432C-A24B-5EADD58683E4}
		{09010DEF-B942-40C5-AFFC-E9FF803BEDCA} = {EF2A8E39-7C2B-4927-962A-255BD4788727}
		{A20F293D-2298-4F6F-A628-5973CAB7715C} = {ED022179-B655-432C-A24B-5EADD58683E4}
		{CF0DF690-ED41-4D61-ADBE-3375B1677518} = {A20F293D-2298-4F6F-A628-5973CAB7715C}
		{9B4A67A1-3BB6-4CDA-B7C4-E33B1842BAA5} = {ED022179-B655-432C-A24B-5EADD58683E4}
		{D0E53B36-131F-4FD0-B4A7-5C95EF57C011} = {9B4A67A1-3BB6-4CDA-B7C4-E33B1842BAA5}
		{E31F2E60-BB00-493D-A554-E505707B126B} = {9B4A67A1-3BB6-4CDA-B7C4-E33B1842BAA5}
		{31F278A0-1900-47C5-AE14-30C3DFC530A4} = {9B4A67A1-3BB6-4CDA-B7C4-E33B1842BAA5}
		{218EE840-4D6D-4B07-A2DE-E703CA915E14} = {9B4A67A1-3BB6-4CDA-B7C4-E33B1842BAA5}
		{E442E8E7-3F6E-4ABA-A3EE-3CCF6DE78026} = {ED022179-B655-432C-A24B-5EADD58683E4}
		{C6FCDCEB-0840-4896-A375-4E48AF0AE953} = {E442E8E7-3F6E-4ABA-A3EE-3CCF6DE78026}
	EndGlobalSection
	GlobalSection(ExtensibilityGlobals) = postSolution
		SolutionGuid = {7FDD1E4C-2A5D-4165-9495-710A84BDDF2F}
	EndGlobalSection
EndGlobal
